<?xml version="1.0" encoding="utf-8"?>
<Project ToolsVersion="4.0" xmlns="http://schemas.microsoft.com/developer/msbuild/2003">
  <ItemGroup>
    <ClCompile Include="$(MSBuildThisFileDirectory)Character.cpp">
      <Filter>Sources</Filter>
    </ClCompile>
    <ClCompile Include="$(MSBuildThisFileDirectory)GameStage.cpp">
      <Filter>Sources</Filter>
    </ClCompile>
    <ClCompile Include="$(MSBuildThisFileDirectory)Object.cpp">
      <Filter>Sources</Filter>
    </ClCompile>
    <ClCompile Include="$(MSBuildThisFileDirectory)Player.cpp">
      <Filter>Sources</Filter>
    </ClCompile>
    <ClCompile Include="$(MSBuildThisFileDirectory)PlayerCom.cpp">
      <Filter>Sources</Filter>
    </ClCompile>
    <ClCompile Include="$(MSBuildThisFileDirectory)ProjectBehavior.cpp">
      <Filter>Sources</Filter>
    </ClCompile>
    <ClCompile Include="$(MSBuildThisFileDirectory)ProjectShader.cpp">
      <Filter>Sources</Filter>
    </ClCompile>
    <ClCompile Include="$(MSBuildThisFileDirectory)Scene.cpp">
      <Filter>Sources</Filter>
    </ClCompile>
    <ClCompile Include="$(MSBuildThisFileDirectory)WinMain.cpp">
      <Filter>Sources</Filter>
    </ClCompile>
  </ItemGroup>
  <ItemGroup>
    <ClInclude Include="$(MSBuildThisFileDirectory)Character.h">
      <Filter>Headers</Filter>
    </ClInclude>
    <ClInclude Include="$(MSBuildThisFileDirectory)GameStage.h">
      <Filter>Headers</Filter>
    </ClInclude>
    <ClInclude Include="$(MSBuildThisFileDirectory)Object.h">
      <Filter>Headers</Filter>
    </ClInclude>
    <ClInclude Include="$(MSBuildThisFileDirectory)Player.h">
      <Filter>Headers</Filter>
    </ClInclude>
    <ClInclude Include="$(MSBuildThisFileDirectory)Project.h">
      <Filter>Headers</Filter>
    </ClInclude>
    <ClInclude Include="$(MSBuildThisFileDirectory)PlayerCom.h">
      <Filter>Headers</Filter>
    </ClInclude>
    <ClInclude Include="$(MSBuildThisFileDirectory)Scene.h">
      <Filter>Headers</Filter>
    </ClInclude>
    <ClInclude Include="$(MSBuildThisFileDirectory)ProjectShader.h">
      <Filter>Headers</Filter>
    </ClInclude>
    <ClInclude Include="$(MSBuildThisFileDirectory)ProjectBehavior.h">
      <Filter>Headers</Filter>
    </ClInclude>
    <ClInclude Include="$(MSBuildThisFileDirectory)StageObject.h">
      <Filter>Headers</Filter>
    </ClInclude>
  </ItemGroup>
  <ItemGroup>
<<<<<<< HEAD
    <ClCompile Include="$(MSBuildThisFileDirectory)Character.cpp">
      <Filter>Sources</Filter>
    </ClCompile>
    <ClCompile Include="$(MSBuildThisFileDirectory)GameStage.cpp">
      <Filter>Sources</Filter>
    </ClCompile>
    <ClCompile Include="$(MSBuildThisFileDirectory)Player.cpp">
      <Filter>Sources</Filter>
    </ClCompile>
    <ClCompile Include="$(MSBuildThisFileDirectory)ProjectShader.cpp">
      <Filter>Sources</Filter>
    </ClCompile>
    <ClCompile Include="$(MSBuildThisFileDirectory)Scene.cpp">
      <Filter>Sources</Filter>
    </ClCompile>
    <ClCompile Include="$(MSBuildThisFileDirectory)WinMain.cpp">
      <Filter>Sources</Filter>
    </ClCompile>
    <ClCompile Include="$(MSBuildThisFileDirectory)ProjectBehavior.cpp">
      <Filter>Sources</Filter>
    </ClCompile>
    <ClCompile Include="$(MSBuildThisFileDirectory)StageObject.cpp">
      <Filter>Sources</Filter>
    </ClCompile>
=======
    <Filter Include="Headers">
      <UniqueIdentifier>{be2acec8-16dc-4029-859e-340235e1f87e}</UniqueIdentifier>
    </Filter>
    <Filter Include="Sources">
      <UniqueIdentifier>{8ec5f622-7010-4e21-9cfd-ee4f0479319c}</UniqueIdentifier>
    </Filter>
>>>>>>> 54742e5a57aec118b8b8734d3edd03a9cec425b3
  </ItemGroup>
</Project>